
Microsoft Visual Studio Solution File, Format Version 12.00
Project("{FAE04EC0-301F-11D3-BF4B-00C04F79EFBC}") = "GrayscaleSimd", "GrayscaleSimd\GrayscaleSimd.csproj", "{C6B2D0E2-55D4-4764-B0F9-B7C62D71CE66}"
EndProject
Global
	GlobalSection(SolutionConfigurationPlatforms) = preSolution
		Debug|Any CPU = Debug|Any CPU
		Release|Any CPU = Release|Any CPU
	EndGlobalSection
	GlobalSection(ProjectConfigurationPlatforms) = postSolution
		{C6B2D0E2-55D4-4764-B0F9-B7C62D71CE66}.Debug|Any CPU.ActiveCfg = Debug|Any CPU
		{C6B2D0E2-55D4-4764-B0F9-B7C62D71CE66}.Debug|Any CPU.Build.0 = Debug|Any CPU
		{C6B2D0E2-55D4-4764-B0F9-B7C62D71CE66}.Release|Any CPU.ActiveCfg = Release|Any CPU
		{C6B2D0E2-55D4-4764-B0F9-B7C62D71CE66}.Release|Any CPU.Build.0 = Release|Any CPU
	EndGlobalSection
EndGlobal
